
Microsoft Visual Studio Solution File, Format Version 12.00
# Visual Studio Version 17
VisualStudioVersion = 17.0.31919.166
MinimumVisualStudioVersion = 10.0.40219.1
Project("{FAE04EC0-301F-11D3-BF4B-00C04F79EFBC}") = "CSNK.RepoDemo.WebAPI", "CSNK.RepoDemo.WebAPI\CSNK.RepoDemo.WebAPI.csproj", "{A78757EA-CC2E-4049-AE46-4BE42FDB3C4F}"
EndProject
Project("{FAE04EC0-301F-11D3-BF4B-00C04F79EFBC}") = "CSNK.RepoDemo.Domain", "CSNK.RepoDemo.Domain\CSNK.RepoDemo.Domain.csproj", "{D846230F-71A4-4588-8970-DA3D1E5FD116}"
EndProject
Project("{FAE04EC0-301F-11D3-BF4B-00C04F79EFBC}") = "CSNK.RepoDemo.Repository", "CSNK.RepoDemo.Repository\CSNK.RepoDemo.Repository.csproj", "{E44CB910-2CAD-42AA-B595-27B7FBA4C697}"
EndProject
Global
	GlobalSection(SolutionConfigurationPlatforms) = preSolution
		Debug|Any CPU = Debug|Any CPU
		Release|Any CPU = Release|Any CPU
	EndGlobalSection
	GlobalSection(ProjectConfigurationPlatforms) = postSolution
		{A78757EA-CC2E-4049-AE46-4BE42FDB3C4F}.Debug|Any CPU.ActiveCfg = Debug|Any CPU
		{A78757EA-CC2E-4049-AE46-4BE42FDB3C4F}.Debug|Any CPU.Build.0 = Debug|Any CPU
		{A78757EA-CC2E-4049-AE46-4BE42FDB3C4F}.Release|Any CPU.ActiveCfg = Release|Any CPU
		{A78757EA-CC2E-4049-AE46-4BE42FDB3C4F}.Release|Any CPU.Build.0 = Release|Any CPU
		{D846230F-71A4-4588-8970-DA3D1E5FD116}.Debug|Any CPU.ActiveCfg = Debug|Any CPU
		{D846230F-71A4-4588-8970-DA3D1E5FD116}.Debug|Any CPU.Build.0 = Debug|Any CPU
		{D846230F-71A4-4588-8970-DA3D1E5FD116}.Release|Any CPU.ActiveCfg = Release|Any CPU
		{D846230F-71A4-4588-8970-DA3D1E5FD116}.Release|Any CPU.Build.0 = Release|Any CPU
		{E44CB910-2CAD-42AA-B595-27B7FBA4C697}.Debug|Any CPU.ActiveCfg = Debug|Any CPU
		{E44CB910-2CAD-42AA-B595-27B7FBA4C697}.Debug|Any CPU.Build.0 = Debug|Any CPU
		{E44CB910-2CAD-42AA-B595-27B7FBA4C697}.Release|Any CPU.ActiveCfg = Release|Any CPU
		{E44CB910-2CAD-42AA-B595-27B7FBA4C697}.Release|Any CPU.Build.0 = Release|Any CPU
	EndGlobalSection
	GlobalSection(SolutionProperties) = preSolution
		HideSolutionNode = FALSE
	EndGlobalSection
	GlobalSection(ExtensibilityGlobals) = postSolution
		SolutionGuid = {3A7C057C-ED9F-47CA-A520-FCFF9CC660E2}
	EndGlobalSection
EndGlobal
